
Microsoft Visual Studio Solution File, Format Version 12.00
Project("{FAE04EC0-301F-11D3-BF4B-00C04F79EFBC}") = "qua3osu", "qua3osu\qua3osu.csproj", "{4CEA57E6-DF8D-4FE9-B6FE-4BCA194ED938}"
EndProject
Project("{FAE04EC0-301F-11D3-BF4B-00C04F79EFBC}") = "Quaver.API", "Quaver.API\Quaver.API\Quaver.API.csproj", "{D0240961-C8EB-4A8F-921C-F310C2BB8CB3}"
EndProject
Project("{FAE04EC0-301F-11D3-BF4B-00C04F79EFBC}") = "qua3osuGui", "qua3osuGui\qua3osuGui.csproj", "{A6856D25-2883-4C39-B18C-A10461955F2C}"
EndProject
Global
	GlobalSection(SolutionConfigurationPlatforms) = preSolution
		Debug|Any CPU = Debug|Any CPU
		Release|Any CPU = Release|Any CPU
	EndGlobalSection
	GlobalSection(ProjectConfigurationPlatforms) = postSolution
		{4CEA57E6-DF8D-4FE9-B6FE-4BCA194ED938}.Debug|Any CPU.ActiveCfg = Debug|Any CPU
		{4CEA57E6-DF8D-4FE9-B6FE-4BCA194ED938}.Debug|Any CPU.Build.0 = Debug|Any CPU
		{4CEA57E6-DF8D-4FE9-B6FE-4BCA194ED938}.Release|Any CPU.ActiveCfg = Release|Any CPU
		{4CEA57E6-DF8D-4FE9-B6FE-4BCA194ED938}.Release|Any CPU.Build.0 = Release|Any CPU
		{D0240961-C8EB-4A8F-921C-F310C2BB8CB3}.Debug|Any CPU.ActiveCfg = Debug|Any CPU
		{D0240961-C8EB-4A8F-921C-F310C2BB8CB3}.Debug|Any CPU.Build.0 = Debug|Any CPU
		{D0240961-C8EB-4A8F-921C-F310C2BB8CB3}.Release|Any CPU.ActiveCfg = Release|Any CPU
		{D0240961-C8EB-4A8F-921C-F310C2BB8CB3}.Release|Any CPU.Build.0 = Release|Any CPU
		{A6856D25-2883-4C39-B18C-A10461955F2C}.Debug|Any CPU.ActiveCfg = Debug|Any CPU
		{A6856D25-2883-4C39-B18C-A10461955F2C}.Debug|Any CPU.Build.0 = Debug|Any CPU
		{A6856D25-2883-4C39-B18C-A10461955F2C}.Release|Any CPU.ActiveCfg = Release|Any CPU
		{A6856D25-2883-4C39-B18C-A10461955F2C}.Release|Any CPU.Build.0 = Release|Any CPU
	EndGlobalSection
EndGlobal
